
Microsoft Visual Studio Solution File, Format Version 12.00
# Visual Studio Version 17
VisualStudioVersion = 17.5.33516.290
MinimumVisualStudioVersion = 10.0.40219.1
Project("{FAE04EC0-301F-11D3-BF4B-00C04F79EFBC}") = "1-04", "1-04\1-04.csproj", "{987566B1-191A-43BA-BB34-AC5C17ACF56A}"
EndProject
Global
	GlobalSection(SolutionConfigurationPlatforms) = preSolution
		Debug|Any CPU = Debug|Any CPU
		Release|Any CPU = Release|Any CPU
	EndGlobalSection
	GlobalSection(ProjectConfigurationPlatforms) = postSolution
		{987566B1-191A-43BA-BB34-AC5C17ACF56A}.Debug|Any CPU.ActiveCfg = Debug|Any CPU
		{987566B1-191A-43BA-BB34-AC5C17ACF56A}.Debug|Any CPU.Build.0 = Debug|Any CPU
		{987566B1-191A-43BA-BB34-AC5C17ACF56A}.Release|Any CPU.ActiveCfg = Release|Any CPU
		{987566B1-191A-43BA-BB34-AC5C17ACF56A}.Release|Any CPU.Build.0 = Release|Any CPU
	EndGlobalSection
	GlobalSection(SolutionProperties) = preSolution
		HideSolutionNode = FALSE
	EndGlobalSection
	GlobalSection(ExtensibilityGlobals) = postSolution
		SolutionGuid = {6EB9107C-65F7-420D-8FCD-749CA3C151DE}
	EndGlobalSection
EndGlobal
